// !$*UTF8*$!
{
	archiveVersion = 1;
	classes = {
	};
	objectVersion = 51;
	objects = {

/* Begin PBXBuildFile section */
		59E3971EDC192D1FBCD0F208 /* Pods_HappyHour.framework in Frameworks */ = {isa = PBXBuildFile; fileRef = 64DFC57926E42018E05B4DAA /* Pods_HappyHour.framework */; };
		FAB663ED252E3E91007BE205 /* AppDelegate.swift in Sources */ = {isa = PBXBuildFile; fileRef = FAB663EC252E3E91007BE205 /* AppDelegate.swift */; };
		FAB663EF252E3E91007BE205 /* SceneDelegate.swift in Sources */ = {isa = PBXBuildFile; fileRef = FAB663EE252E3E91007BE205 /* SceneDelegate.swift */; };
		FAB663F1252E3E91007BE205 /* ViewController.swift in Sources */ = {isa = PBXBuildFile; fileRef = FAB663F0252E3E91007BE205 /* ViewController.swift */; };
		FAB663F4252E3E91007BE205 /* Main.storyboard in Resources */ = {isa = PBXBuildFile; fileRef = FAB663F2252E3E91007BE205 /* Main.storyboard */; };
		FAB663F6252E3E94007BE205 /* Assets.xcassets in Resources */ = {isa = PBXBuildFile; fileRef = FAB663F5252E3E94007BE205 /* Assets.xcassets */; };
		FAB663F9252E3E94007BE205 /* LaunchScreen.storyboard in Resources */ = {isa = PBXBuildFile; fileRef = FAB663F7252E3E94007BE205 /* LaunchScreen.storyboard */; };
		FAB66402252E449F007BE205 /* MapViewController.swift in Sources */ = {isa = PBXBuildFile; fileRef = FAB66401252E449F007BE205 /* MapViewController.swift */; };
		FAB66411252E72FB007BE205 /* InformationViewController.swift in Sources */ = {isa = PBXBuildFile; fileRef = FAB66410252E72FB007BE205 /* InformationViewController.swift */; };
		FAB66416252E7345007BE205 /* AddEstablishmentViewController.swift in Sources */ = {isa = PBXBuildFile; fileRef = FAB66415252E7345007BE205 /* AddEstablishmentViewController.swift */; };
/* End PBXBuildFile section */

/* Begin PBXFileReference section */
		33703776E66DE1B442F72F8C /* Pods-HappyHour.release.xcconfig */ = {isa = PBXFileReference; includeInIndex = 1; lastKnownFileType = text.xcconfig; name = "Pods-HappyHour.release.xcconfig"; path = "Target Support Files/Pods-HappyHour/Pods-HappyHour.release.xcconfig"; sourceTree = "<group>"; };
		64DFC57926E42018E05B4DAA /* Pods_HappyHour.framework */ = {isa = PBXFileReference; explicitFileType = wrapper.framework; includeInIndex = 0; path = Pods_HappyHour.framework; sourceTree = BUILT_PRODUCTS_DIR; };
		E136B61BAE3BADC5B9C0ED8E /* Pods-HappyHour.debug.xcconfig */ = {isa = PBXFileReference; includeInIndex = 1; lastKnownFileType = text.xcconfig; name = "Pods-HappyHour.debug.xcconfig"; path = "Target Support Files/Pods-HappyHour/Pods-HappyHour.debug.xcconfig"; sourceTree = "<group>"; };
		FAB663E9252E3E91007BE205 /* HappyHour.app */ = {isa = PBXFileReference; explicitFileType = wrapper.application; includeInIndex = 0; path = HappyHour.app; sourceTree = BUILT_PRODUCTS_DIR; };
		FAB663EC252E3E91007BE205 /* AppDelegate.swift */ = {isa = PBXFileReference; lastKnownFileType = sourcecode.swift; path = AppDelegate.swift; sourceTree = "<group>"; };
		FAB663EE252E3E91007BE205 /* SceneDelegate.swift */ = {isa = PBXFileReference; lastKnownFileType = sourcecode.swift; path = SceneDelegate.swift; sourceTree = "<group>"; };
		FAB663F0252E3E91007BE205 /* ViewController.swift */ = {isa = PBXFileReference; lastKnownFileType = sourcecode.swift; path = ViewController.swift; sourceTree = "<group>"; };
		FAB663F3252E3E91007BE205 /* Base */ = {isa = PBXFileReference; lastKnownFileType = file.storyboard; name = Base; path = Base.lproj/Main.storyboard; sourceTree = "<group>"; };
		FAB663F5252E3E94007BE205 /* Assets.xcassets */ = {isa = PBXFileReference; lastKnownFileType = folder.assetcatalog; path = Assets.xcassets; sourceTree = "<group>"; };
		FAB663F8252E3E94007BE205 /* Base */ = {isa = PBXFileReference; lastKnownFileType = file.storyboard; name = Base; path = Base.lproj/LaunchScreen.storyboard; sourceTree = "<group>"; };
		FAB663FA252E3E94007BE205 /* Info.plist */ = {isa = PBXFileReference; lastKnownFileType = text.plist.xml; path = Info.plist; sourceTree = "<group>"; };
		FAB66401252E449F007BE205 /* MapViewController.swift */ = {isa = PBXFileReference; lastKnownFileType = sourcecode.swift; path = MapViewController.swift; sourceTree = "<group>"; };
		FAB66410252E72FB007BE205 /* InformationViewController.swift */ = {isa = PBXFileReference; lastKnownFileType = sourcecode.swift; path = InformationViewController.swift; sourceTree = "<group>"; };
		FAB66415252E7345007BE205 /* AddEstablishmentViewController.swift */ = {isa = PBXFileReference; lastKnownFileType = sourcecode.swift; path = AddEstablishmentViewController.swift; sourceTree = "<group>"; };
/* End PBXFileReference section */

/* Begin PBXFrameworksBuildPhase section */
		FAB663E6252E3E91007BE205 /* Frameworks */ = {
			isa = PBXFrameworksBuildPhase;
			buildActionMask = 2147483647;
			files = (
				59E3971EDC192D1FBCD0F208 /* Pods_HappyHour.framework in Frameworks */,
			);
			runOnlyForDeploymentPostprocessing = 0;
		};
/* End PBXFrameworksBuildPhase section */

/* Begin PBXGroup section */
		51EDC2314FF57738C3643E45 /* Frameworks */ = {
			isa = PBXGroup;
			children = (
				64DFC57926E42018E05B4DAA /* Pods_HappyHour.framework */,
			);
			name = Frameworks;
			sourceTree = "<group>";
		};
		598B836E3E88A7283E43081E /* Pods */ = {
			isa = PBXGroup;
			children = (
				E136B61BAE3BADC5B9C0ED8E /* Pods-HappyHour.debug.xcconfig */,
				33703776E66DE1B442F72F8C /* Pods-HappyHour.release.xcconfig */,
			);
			path = Pods;
			sourceTree = "<group>";
		};
		FAB663E0252E3E91007BE205 = {
			isa = PBXGroup;
			children = (
				FAB663EB252E3E91007BE205 /* HappyHour */,
				FAB663EA252E3E91007BE205 /* Products */,
				598B836E3E88A7283E43081E /* Pods */,
				51EDC2314FF57738C3643E45 /* Frameworks */,
			);
			sourceTree = "<group>";
		};
		FAB663EA252E3E91007BE205 /* Products */ = {
			isa = PBXGroup;
			children = (
				FAB663E9252E3E91007BE205 /* HappyHour.app */,
			);
			name = Products;
			sourceTree = "<group>";
		};
		FAB663EB252E3E91007BE205 /* HappyHour */ = {
			isa = PBXGroup;
			children = (
				FAB663EC252E3E91007BE205 /* AppDelegate.swift */,
				FAB663EE252E3E91007BE205 /* SceneDelegate.swift */,
				FAB663F0252E3E91007BE205 /* ViewController.swift */,
				FAB663F2252E3E91007BE205 /* Main.storyboard */,
				FAB66410252E72FB007BE205 /* InformationViewController.swift */,
				FAB66415252E7345007BE205 /* AddEstablishmentViewController.swift */,
				FAB66401252E449F007BE205 /* MapViewController.swift */,
				FAB663F5252E3E94007BE205 /* Assets.xcassets */,
				FAB663F7252E3E94007BE205 /* LaunchScreen.storyboard */,
				FAB663FA252E3E94007BE205 /* Info.plist */,
			);
			path = HappyHour;
			sourceTree = "<group>";
		};
/* End PBXGroup section */

/* Begin PBXNativeTarget section */
		FAB663E8252E3E91007BE205 /* HappyHour */ = {
			isa = PBXNativeTarget;
			buildConfigurationList = FAB663FD252E3E94007BE205 /* Build configuration list for PBXNativeTarget "HappyHour" */;
			buildPhases = (
				5DDA3F4B5981EE4C470FF38F /* [CP] Check Pods Manifest.lock */,
				FAB663E5252E3E91007BE205 /* Sources */,
				FAB663E6252E3E91007BE205 /* Frameworks */,
				FAB663E7252E3E91007BE205 /* Resources */,
				98032EF51FAEF0648E639AD5 /* [CP] Embed Pods Frameworks */,
			);
			buildRules = (
			);
			dependencies = (
			);
			name = HappyHour;
			productName = HappyHour;
			productReference = FAB663E9252E3E91007BE205 /* HappyHour.app */;
			productType = "com.apple.product-type.application";
		};
/* End PBXNativeTarget section */

/* Begin PBXProject section */
		FAB663E1252E3E91007BE205 /* Project object */ = {
			isa = PBXProject;
			attributes = {
				LastSwiftUpdateCheck = 1200;
				LastUpgradeCheck = 1200;
				TargetAttributes = {
					FAB663E8252E3E91007BE205 = {
						CreatedOnToolsVersion = 12.0.1;
					};
				};
			};
			buildConfigurationList = FAB663E4252E3E91007BE205 /* Build configuration list for PBXProject "HappyHour" */;
			compatibilityVersion = "Xcode 9.3";
			developmentRegion = en;
			hasScannedForEncodings = 0;
			knownRegions = (
				en,
				Base,
			);
			mainGroup = FAB663E0252E3E91007BE205;
			productRefGroup = FAB663EA252E3E91007BE205 /* Products */;
			projectDirPath = "";
			projectRoot = "";
			targets = (
				FAB663E8252E3E91007BE205 /* HappyHour */,
			);
		};
/* End PBXProject section */

/* Begin PBXResourcesBuildPhase section */
		FAB663E7252E3E91007BE205 /* Resources */ = {
			isa = PBXResourcesBuildPhase;
			buildActionMask = 2147483647;
			files = (
				FAB663F9252E3E94007BE205 /* LaunchScreen.storyboard in Resources */,
				FAB663F6252E3E94007BE205 /* Assets.xcassets in Resources */,
				FAB663F4252E3E91007BE205 /* Main.storyboard in Resources */,
			);
			runOnlyForDeploymentPostprocessing = 0;
		};
/* End PBXResourcesBuildPhase section */

/* Begin PBXShellScriptBuildPhase section */
		5DDA3F4B5981EE4C470FF38F /* [CP] Check Pods Manifest.lock */ = {
			isa = PBXShellScriptBuildPhase;
			buildActionMask = 2147483647;
			files = (
			);
			inputFileListPaths = (
			);
			inputPaths = (
				"${PODS_PODFILE_DIR_PATH}/Podfile.lock",
				"${PODS_ROOT}/Manifest.lock",
			);
			name = "[CP] Check Pods Manifest.lock";
			outputFileListPaths = (
			);
			outputPaths = (
				"$(DERIVED_FILE_DIR)/Pods-HappyHour-checkManifestLockResult.txt",
			);
			runOnlyForDeploymentPostprocessing = 0;
			shellPath = /bin/sh;
			shellScript = "diff \"${PODS_PODFILE_DIR_PATH}/Podfile.lock\" \"${PODS_ROOT}/Manifest.lock\" > /dev/null\nif [ $? != 0 ] ; then\n    # print error to STDERR\n    echo \"error: The sandbox is not in sync with the Podfile.lock. Run 'pod install' or update your CocoaPods installation.\" >&2\n    exit 1\nfi\n# This output is used by Xcode 'outputs' to avoid re-running this script phase.\necho \"SUCCESS\" > \"${SCRIPT_OUTPUT_FILE_0}\"\n";
			showEnvVarsInLog = 0;
		};
		98032EF51FAEF0648E639AD5 /* [CP] Embed Pods Frameworks */ = {
			isa = PBXShellScriptBuildPhase;
			buildActionMask = 2147483647;
			files = (
			);
			inputFileListPaths = (
				"${PODS_ROOT}/Target Support Files/Pods-HappyHour/Pods-HappyHour-frameworks-${CONFIGURATION}-input-files.xcfilelist",
			);
			name = "[CP] Embed Pods Frameworks";
			outputFileListPaths = (
				"${PODS_ROOT}/Target Support Files/Pods-HappyHour/Pods-HappyHour-frameworks-${CONFIGURATION}-output-files.xcfilelist",
			);
			runOnlyForDeploymentPostprocessing = 0;
			shellPath = /bin/sh;
			shellScript = "\"${PODS_ROOT}/Target Support Files/Pods-HappyHour/Pods-HappyHour-frameworks.sh\"\n";
			showEnvVarsInLog = 0;
		};
/* End PBXShellScriptBuildPhase section */

/* Begin PBXSourcesBuildPhase section */
		FAB663E5252E3E91007BE205 /* Sources */ = {
			isa = PBXSourcesBuildPhase;
			buildActionMask = 2147483647;
			files = (
				FAB663F1252E3E91007BE205 /* ViewController.swift in Sources */,
				FAB663ED252E3E91007BE205 /* AppDelegate.swift in Sources */,
				FAB663EF252E3E91007BE205 /* SceneDelegate.swift in Sources */,
				FAB66402252E449F007BE205 /* MapViewController.swift in Sources */,
				FAB66416252E7345007BE205 /* AddEstablishmentViewController.swift in Sources */,
				FAB66411252E72FB007BE205 /* InformationViewController.swift in Sources */,
			);
			runOnlyForDeploymentPostprocessing = 0;
		};
/* End PBXSourcesBuildPhase section */

/* Begin PBXVariantGroup section */
		FAB663F2252E3E91007BE205 /* Main.storyboard */ = {
			isa = PBXVariantGroup;
			children = (
				FAB663F3252E3E91007BE205 /* Base */,
			);
			name = Main.storyboard;
			sourceTree = "<group>";
		};
		FAB663F7252E3E94007BE205 /* LaunchScreen.storyboard */ = {
			isa = PBXVariantGroup;
			children = (
				FAB663F8252E3E94007BE205 /* Base */,
			);
			name = LaunchScreen.storyboard;
			sourceTree = "<group>";
		};
/* End PBXVariantGroup section */

/* Begin XCBuildConfiguration section */
		FAB663FB252E3E94007BE205 /* Debug */ = {
			isa = XCBuildConfiguration;
			buildSettings = {
				ALWAYS_SEARCH_USER_PATHS = NO;
				CLANG_ANALYZER_NONNULL = YES;
				CLANG_ANALYZER_NUMBER_OBJECT_CONVERSION = YES_AGGRESSIVE;
				CLANG_CXX_LANGUAGE_STANDARD = "gnu++14";
				CLANG_CXX_LIBRARY = "libc++";
				CLANG_ENABLE_MODULES = YES;
				CLANG_ENABLE_OBJC_ARC = YES;
				CLANG_ENABLE_OBJC_WEAK = YES;
				CLANG_WARN_BLOCK_CAPTURE_AUTORELEASING = YES;
				CLANG_WARN_BOOL_CONVERSION = YES;
				CLANG_WARN_COMMA = YES;
				CLANG_WARN_CONSTANT_CONVERSION = YES;
				CLANG_WARN_DEPRECATED_OBJC_IMPLEMENTATIONS = YES;
				CLANG_WARN_DIRECT_OBJC_ISA_USAGE = YES_ERROR;
				CLANG_WARN_DOCUMENTATION_COMMENTS = YES;
				CLANG_WARN_EMPTY_BODY = YES;
				CLANG_WARN_ENUM_CONVERSION = YES;
				CLANG_WARN_INFINITE_RECURSION = YES;
				CLANG_WARN_INT_CONVERSION = YES;
				CLANG_WARN_NON_LITERAL_NULL_CONVERSION = YES;
				CLANG_WARN_OBJC_IMPLICIT_RETAIN_SELF = YES;
				CLANG_WARN_OBJC_LITERAL_CONVERSION = YES;
				CLANG_WARN_OBJC_ROOT_CLASS = YES_ERROR;
				CLANG_WARN_QUOTED_INCLUDE_IN_FRAMEWORK_HEADER = YES;
				CLANG_WARN_RANGE_LOOP_ANALYSIS = YES;
				CLANG_WARN_STRICT_PROTOTYPES = YES;
				CLANG_WARN_SUSPICIOUS_MOVE = YES;
				CLANG_WARN_UNGUARDED_AVAILABILITY = YES_AGGRESSIVE;
				CLANG_WARN_UNREACHABLE_CODE = YES;
				CLANG_WARN__DUPLICATE_METHOD_MATCH = YES;
				COPY_PHASE_STRIP = NO;
				DEBUG_INFORMATION_FORMAT = dwarf;
				ENABLE_STRICT_OBJC_MSGSEND = YES;
				ENABLE_TESTABILITY = YES;
				GCC_C_LANGUAGE_STANDARD = gnu11;
				GCC_DYNAMIC_NO_PIC = NO;
				GCC_NO_COMMON_BLOCKS = YES;
				GCC_OPTIMIZATION_LEVEL = 0;
				GCC_PREPROCESSOR_DEFINITIONS = (
					"DEBUG=1",
					"$(inherited)",
				);
				GCC_WARN_64_TO_32_BIT_CONVERSION = YES;
				GCC_WARN_ABOUT_RETURN_TYPE = YES_ERROR;
				GCC_WARN_UNDECLARED_SELECTOR = YES;
				GCC_WARN_UNINITIALIZED_AUTOS = YES_AGGRESSIVE;
				GCC_WARN_UNUSED_FUNCTION = YES;
				GCC_WARN_UNUSED_VARIABLE = YES;
				IPHONEOS_DEPLOYMENT_TARGET = 14.0;
				MTL_ENABLE_DEBUG_INFO = INCLUDE_SOURCE;
				MTL_FAST_MATH = YES;
				ONLY_ACTIVE_ARCH = YES;
				SDKROOT = iphoneos;
				SWIFT_ACTIVE_COMPILATION_CONDITIONS = DEBUG;
				SWIFT_OPTIMIZATION_LEVEL = "-Onone";
			};
			name = Debug;
		};
		FAB663FC252E3E94007BE205 /* Release */ = {
			isa = XCBuildConfiguration;
			buildSettings = {
				ALWAYS_SEARCH_USER_PATHS = NO;
				CLANG_ANALYZER_NONNULL = YES;
				CLANG_ANALYZER_NUMBER_OBJECT_CONVERSION = YES_AGGRESSIVE;
				CLANG_CXX_LANGUAGE_STANDARD = "gnu++14";
				CLANG_CXX_LIBRARY = "libc++";
				CLANG_ENABLE_MODULES = YES;
				CLANG_ENABLE_OBJC_ARC = YES;
				CLANG_ENABLE_OBJC_WEAK = YES;
				CLANG_WARN_BLOCK_CAPTURE_AUTORELEASING = YES;
				CLANG_WARN_BOOL_CONVERSION = YES;
				CLANG_WARN_COMMA = YES;
				CLANG_WARN_CONSTANT_CONVERSION = YES;
				CLANG_WARN_DEPRECATED_OBJC_IMPLEMENTATIONS = YES;
				CLANG_WARN_DIRECT_OBJC_ISA_USAGE = YES_ERROR;
				CLANG_WARN_DOCUMENTATION_COMMENTS = YES;
				CLANG_WARN_EMPTY_BODY = YES;
				CLANG_WARN_ENUM_CONVERSION = YES;
				CLANG_WARN_INFINITE_RECURSION = YES;
				CLANG_WARN_INT_CONVERSION = YES;
				CLANG_WARN_NON_LITERAL_NULL_CONVERSION = YES;
				CLANG_WARN_OBJC_IMPLICIT_RETAIN_SELF = YES;
				CLANG_WARN_OBJC_LITERAL_CONVERSION = YES;
				CLANG_WARN_OBJC_ROOT_CLASS = YES_ERROR;
				CLANG_WARN_QUOTED_INCLUDE_IN_FRAMEWORK_HEADER = YES;
				CLANG_WARN_RANGE_LOOP_ANALYSIS = YES;
				CLANG_WARN_STRICT_PROTOTYPES = YES;
				CLANG_WARN_SUSPICIOUS_MOVE = YES;
				CLANG_WARN_UNGUARDED_AVAILABILITY = YES_AGGRESSIVE;
				CLANG_WARN_UNREACHABLE_CODE = YES;
				CLANG_WARN__DUPLICATE_METHOD_MATCH = YES;
				COPY_PHASE_STRIP = NO;
				DEBUG_INFORMATION_FORMAT = "dwarf-with-dsym";
				ENABLE_NS_ASSERTIONS = NO;
				ENABLE_STRICT_OBJC_MSGSEND = YES;
				GCC_C_LANGUAGE_STANDARD = gnu11;
				GCC_NO_COMMON_BLOCKS = YES;
				GCC_WARN_64_TO_32_BIT_CONVERSION = YES;
				GCC_WARN_ABOUT_RETURN_TYPE = YES_ERROR;
				GCC_WARN_UNDECLARED_SELECTOR = YES;
				GCC_WARN_UNINITIALIZED_AUTOS = YES_AGGRESSIVE;
				GCC_WARN_UNUSED_FUNCTION = YES;
				GCC_WARN_UNUSED_VARIABLE = YES;
				IPHONEOS_DEPLOYMENT_TARGET = 14.0;
				MTL_ENABLE_DEBUG_INFO = NO;
				MTL_FAST_MATH = YES;
				SDKROOT = iphoneos;
				SWIFT_COMPILATION_MODE = wholemodule;
				SWIFT_OPTIMIZATION_LEVEL = "-O";
				VALIDATE_PRODUCT = YES;
			};
			name = Release;
		};
		FAB663FE252E3E94007BE205 /* Debug */ = {
			isa = XCBuildConfiguration;
			baseConfigurationReference = E136B61BAE3BADC5B9C0ED8E /* Pods-HappyHour.debug.xcconfig */;
			buildSettings = {
				ASSETCATALOG_COMPILER_APPICON_NAME = AppIcon;
				ASSETCATALOG_COMPILER_GLOBAL_ACCENT_COLOR_NAME = AccentColor;
				CODE_SIGN_STYLE = Automatic;
				DEVELOPMENT_TEAM = ABDB4L47SD;
				INFOPLIST_FILE = HappyHour/Info.plist;
				LD_RUNPATH_SEARCH_PATHS = (
					"$(inherited)",
					"@executable_path/Frameworks",
				);
				PRODUCT_BUNDLE_IDENTIFIER = com.2ReeZ.HappyHour;
				PRODUCT_NAME = "$(TARGET_NAME)";
				SWIFT_VERSION = 5.0;
				TARGETED_DEVICE_FAMILY = "1,2";
			};
			name = Debug;
		};
		FAB663FF252E3E94007BE205 /* Release */ = {
			isa = XCBuildConfiguration;
			baseConfigurationReference = 33703776E66DE1B442F72F8C /* Pods-HappyHour.release.xcconfig */;
			buildSettings = {
				ASSETCATALOG_COMPILER_APPICON_NAME = AppIcon;
				ASSETCATALOG_COMPILER_GLOBAL_ACCENT_COLOR_NAME = AccentColor;
				CODE_SIGN_STYLE = Automatic;
				DEVELOPMENT_TEAM = ABDB4L47SD;
				INFOPLIST_FILE = HappyHour/Info.plist;
				LD_RUNPATH_SEARCH_PATHS = (
					"$(inherited)",
					"@executable_path/Frameworks",
				);
				PRODUCT_BUNDLE_IDENTIFIER = com.2ReeZ.HappyHour;
				PRODUCT_NAME = "$(TARGET_NAME)";
				SWIFT_VERSION = 5.0;
				TARGETED_DEVICE_FAMILY = "1,2";
			};
			name = Release;
		};
/* End XCBuildConfiguration section */

/* Begin XCConfigurationList section */
		FAB663E4252E3E91007BE205 /* Build configuration list for PBXProject "HappyHour" */ = {
			isa = XCConfigurationList;
			buildConfigurations = (
				FAB663FB252E3E94007BE205 /* Debug */,
				FAB663FC252E3E94007BE205 /* Release */,
			);
			defaultConfigurationIsVisible = 0;
			defaultConfigurationName = Release;
		};
		FAB663FD252E3E94007BE205 /* Build configuration list for PBXNativeTarget "HappyHour" */ = {
			isa = XCConfigurationList;
			buildConfigurations = (
				FAB663FE252E3E94007BE205 /* Debug */,
				FAB663FF252E3E94007BE205 /* Release */,
			);
			defaultConfigurationIsVisible = 0;
			defaultConfigurationName = Release;
		};
/* End XCConfigurationList section */
	};
	rootObject = FAB663E1252E3E91007BE205 /* Project object */;
}
